
Microsoft Visual Studio Solution File, Format Version 12.00
# Visual Studio Version 17
VisualStudioVersion = 17.0.31919.166
MinimumVisualStudioVersion = 10.0.40219.1
Project("{FAE04EC0-301F-11D3-BF4B-00C04F79EFBC}") = "SocketClient_Test", "SocketServer_Test\SocketClient_Test.csproj", "{FAAF3DB4-82C3-4739-9664-0E9BBF2253A5}"
EndProject
Global
	GlobalSection(SolutionConfigurationPlatforms) = preSolution
		Debug|Any CPU = Debug|Any CPU
		Release|Any CPU = Release|Any CPU
	EndGlobalSection
	GlobalSection(ProjectConfigurationPlatforms) = postSolution
		{FAAF3DB4-82C3-4739-9664-0E9BBF2253A5}.Debug|Any CPU.ActiveCfg = Debug|Any CPU
		{FAAF3DB4-82C3-4739-9664-0E9BBF2253A5}.Debug|Any CPU.Build.0 = Debug|Any CPU
		{FAAF3DB4-82C3-4739-9664-0E9BBF2253A5}.Release|Any CPU.ActiveCfg = Release|Any CPU
		{FAAF3DB4-82C3-4739-9664-0E9BBF2253A5}.Release|Any CPU.Build.0 = Release|Any CPU
	EndGlobalSection
	GlobalSection(SolutionProperties) = preSolution
		HideSolutionNode = FALSE
	EndGlobalSection
	GlobalSection(ExtensibilityGlobals) = postSolution
		SolutionGuid = {A093326D-EFBB-4E78-8F25-563EDD16A7AE}
	EndGlobalSection
EndGlobal
